
Microsoft Visual Studio Solution File, Format Version 12.00
# Visual Studio Version 17
VisualStudioVersion = 17.0.31912.275
MinimumVisualStudioVersion = 10.0.40219.1
Project("{8BC9CEB8-8B4A-11D0-8D11-00A0C91BC942}") = "ConsoleApplication1", "ConsoleApplication1.vcxproj", "{C56BF38B-E36A-448E-B4FD-D1E9EE739E01}"
EndProject
Global
	GlobalSection(SolutionConfigurationPlatforms) = preSolution
		Debug|x64 = Debug|x64
		Debug|x86 = Debug|x86
		Release|x64 = Release|x64
		Release|x86 = Release|x86
	EndGlobalSection
	GlobalSection(ProjectConfigurationPlatforms) = postSolution
		{C56BF38B-E36A-448E-B4FD-D1E9EE739E01}.Debug|x64.ActiveCfg = Debug|x64
		{C56BF38B-E36A-448E-B4FD-D1E9EE739E01}.Debug|x64.Build.0 = Debug|x64
		{C56BF38B-E36A-448E-B4FD-D1E9EE739E01}.Debug|x86.ActiveCfg = Debug|Win32
		{C56BF38B-E36A-448E-B4FD-D1E9EE739E01}.Debug|x86.Build.0 = Debug|Win32
		{C56BF38B-E36A-448E-B4FD-D1E9EE739E01}.Release|x64.ActiveCfg = Release|x64
		{C56BF38B-E36A-448E-B4FD-D1E9EE739E01}.Release|x64.Build.0 = Release|x64
		{C56BF38B-E36A-448E-B4FD-D1E9EE739E01}.Release|x86.ActiveCfg = Release|Win32
		{C56BF38B-E36A-448E-B4FD-D1E9EE739E01}.Release|x86.Build.0 = Release|Win32
	EndGlobalSection
	GlobalSection(SolutionProperties) = preSolution
		HideSolutionNode = FALSE
	EndGlobalSection
	GlobalSection(ExtensibilityGlobals) = postSolution
		SolutionGuid = {4772B0F9-8C36-476D-AD54-FF6C1406FD36}
	EndGlobalSection
EndGlobal
